// !$*UTF8*$!
{
	archiveVersion = 1;
	classes = {
	};
	objectVersion = 55;
	objects = {

/* Begin PBXBuildFile section */
		0AAF38D92780B93500F7C285 /* AppDelegate.swift in Sources */ = {isa = PBXBuildFile; fileRef = 0AAF38D82780B93500F7C285 /* AppDelegate.swift */; };
		0AAF38E02780B93500F7C285 /* Main.storyboard in Resources */ = {isa = PBXBuildFile; fileRef = 0AAF38DE2780B93500F7C285 /* Main.storyboard */; };
		0AAF38E22780B93600F7C285 /* Assets.xcassets in Resources */ = {isa = PBXBuildFile; fileRef = 0AAF38E12780B93600F7C285 /* Assets.xcassets */; };
		0AAF38E52780B93600F7C285 /* LaunchScreen.storyboard in Resources */ = {isa = PBXBuildFile; fileRef = 0AAF38E32780B93600F7C285 /* LaunchScreen.storyboard */; };
		0AAF38F22780B9E500F7C285 /* MainVC.swift in Sources */ = {isa = PBXBuildFile; fileRef = 0AAF38F02780B9E500F7C285 /* MainVC.swift */; };
		0AAF38F32780B9E500F7C285 /* MainModuleBuilder.swift in Sources */ = {isa = PBXBuildFile; fileRef = 0AAF38F12780B9E500F7C285 /* MainModuleBuilder.swift */; };
		0AAF38F62780BA5200F7C285 /* UserDefault.swift in Sources */ = {isa = PBXBuildFile; fileRef = 0AAF38F52780BA5200F7C285 /* UserDefault.swift */; };
		0AAF38F92780BA6300F7C285 /* UserDefaultsManager.swift in Sources */ = {isa = PBXBuildFile; fileRef = 0AAF38F82780BA6300F7C285 /* UserDefaultsManager.swift */; };
		0AAF38FB2780BA6800F7C285 /* DependencyManager.swift in Sources */ = {isa = PBXBuildFile; fileRef = 0AAF38FA2780BA6800F7C285 /* DependencyManager.swift */; };
		0AAF39002780BBA600F7C285 /* Localizable.strings in Resources */ = {isa = PBXBuildFile; fileRef = 0AAF39022780BBA600F7C285 /* Localizable.strings */; };
		0AAF39072780BCFC00F7C285 /* String+Localized.swift in Sources */ = {isa = PBXBuildFile; fileRef = 0AAF39062780BCFC00F7C285 /* String+Localized.swift */; };
		0AAF39092780BD0800F7C285 /* UIButton+Localized.swift in Sources */ = {isa = PBXBuildFile; fileRef = 0AAF39082780BD0800F7C285 /* UIButton+Localized.swift */; };
		0AAF390B2780BD1500F7C285 /* UILabel+Localized.swift in Sources */ = {isa = PBXBuildFile; fileRef = 0AAF390A2780BD1500F7C285 /* UILabel+Localized.swift */; };
		0AAF390F2780BDD900F7C285 /* AnyLanguageBundle.swift in Sources */ = {isa = PBXBuildFile; fileRef = 0AAF390E2780BDD900F7C285 /* AnyLanguageBundle.swift */; };
/* End PBXBuildFile section */

/* Begin PBXFileReference section */
		0AAF38D52780B93500F7C285 /* MultilanguageSwiftExample.app */ = {isa = PBXFileReference; explicitFileType = wrapper.application; includeInIndex = 0; path = MultilanguageSwiftExample.app; sourceTree = BUILT_PRODUCTS_DIR; };
		0AAF38D82780B93500F7C285 /* AppDelegate.swift */ = {isa = PBXFileReference; lastKnownFileType = sourcecode.swift; path = AppDelegate.swift; sourceTree = "<group>"; };
		0AAF38DF2780B93500F7C285 /* Base */ = {isa = PBXFileReference; lastKnownFileType = file.storyboard; name = Base; path = Base.lproj/Main.storyboard; sourceTree = "<group>"; };
		0AAF38E12780B93600F7C285 /* Assets.xcassets */ = {isa = PBXFileReference; lastKnownFileType = folder.assetcatalog; path = Assets.xcassets; sourceTree = "<group>"; };
		0AAF38E42780B93600F7C285 /* Base */ = {isa = PBXFileReference; lastKnownFileType = file.storyboard; name = Base; path = Base.lproj/LaunchScreen.storyboard; sourceTree = "<group>"; };
		0AAF38E62780B93600F7C285 /* Info.plist */ = {isa = PBXFileReference; lastKnownFileType = text.plist.xml; path = Info.plist; sourceTree = "<group>"; };
		0AAF38F02780B9E500F7C285 /* MainVC.swift */ = {isa = PBXFileReference; fileEncoding = 4; lastKnownFileType = sourcecode.swift; path = MainVC.swift; sourceTree = "<group>"; };
		0AAF38F12780B9E500F7C285 /* MainModuleBuilder.swift */ = {isa = PBXFileReference; fileEncoding = 4; lastKnownFileType = sourcecode.swift; path = MainModuleBuilder.swift; sourceTree = "<group>"; };
		0AAF38F52780BA5200F7C285 /* UserDefault.swift */ = {isa = PBXFileReference; fileEncoding = 4; lastKnownFileType = sourcecode.swift; path = UserDefault.swift; sourceTree = "<group>"; };
		0AAF38F82780BA6300F7C285 /* UserDefaultsManager.swift */ = {isa = PBXFileReference; fileEncoding = 4; lastKnownFileType = sourcecode.swift; path = UserDefaultsManager.swift; sourceTree = "<group>"; };
		0AAF38FA2780BA6800F7C285 /* DependencyManager.swift */ = {isa = PBXFileReference; fileEncoding = 4; lastKnownFileType = sourcecode.swift; path = DependencyManager.swift; sourceTree = "<group>"; };
		0AAF38FF2780BB9E00F7C285 /* ru */ = {isa = PBXFileReference; lastKnownFileType = text.plist.strings; name = ru; path = ru.lproj/LaunchScreen.strings; sourceTree = "<group>"; };
		0AAF39012780BBA600F7C285 /* ru */ = {isa = PBXFileReference; lastKnownFileType = text.plist.strings; name = ru; path = ru.lproj/Localizable.strings; sourceTree = "<group>"; };
		0AAF39032780BBAA00F7C285 /* en */ = {isa = PBXFileReference; lastKnownFileType = text.plist.strings; name = en; path = en.lproj/Localizable.strings; sourceTree = "<group>"; };
		0AAF39062780BCFC00F7C285 /* String+Localized.swift */ = {isa = PBXFileReference; lastKnownFileType = sourcecode.swift; path = "String+Localized.swift"; sourceTree = "<group>"; };
		0AAF39082780BD0800F7C285 /* UIButton+Localized.swift */ = {isa = PBXFileReference; lastKnownFileType = sourcecode.swift; path = "UIButton+Localized.swift"; sourceTree = "<group>"; };
		0AAF390A2780BD1500F7C285 /* UILabel+Localized.swift */ = {isa = PBXFileReference; lastKnownFileType = sourcecode.swift; path = "UILabel+Localized.swift"; sourceTree = "<group>"; };
		0AAF390E2780BDD900F7C285 /* AnyLanguageBundle.swift */ = {isa = PBXFileReference; lastKnownFileType = sourcecode.swift; path = AnyLanguageBundle.swift; sourceTree = "<group>"; };
/* End PBXFileReference section */

/* Begin PBXFrameworksBuildPhase section */
		0AAF38D22780B93500F7C285 /* Frameworks */ = {
			isa = PBXFrameworksBuildPhase;
			buildActionMask = 2147483647;
			files = (
			);
			runOnlyForDeploymentPostprocessing = 0;
		};
/* End PBXFrameworksBuildPhase section */

/* Begin PBXGroup section */
		0AAF38CC2780B93500F7C285 = {
			isa = PBXGroup;
			children = (
				0AAF38D72780B93500F7C285 /* MultilanguageSwiftExample */,
				0AAF38D62780B93500F7C285 /* Products */,
			);
			sourceTree = "<group>";
		};
		0AAF38D62780B93500F7C285 /* Products */ = {
			isa = PBXGroup;
			children = (
				0AAF38D52780B93500F7C285 /* MultilanguageSwiftExample.app */,
			);
			name = Products;
			sourceTree = "<group>";
		};
		0AAF38D72780B93500F7C285 /* MultilanguageSwiftExample */ = {
			isa = PBXGroup;
			children = (
				0AAF38EC2780B94E00F7C285 /* Application */,
				0AAF38ED2780B96800F7C285 /* Resources */,
				0AAF39042780BCE100F7C285 /* Extensions */,
				0AAF38F42780BA4700F7C285 /* Utils */,
				0AAF390C2780BDC300F7C285 /* Helpers */,
				0AAF38F72780BA5800F7C285 /* Managers */,
				0AAF38EE2780B97C00F7C285 /* Modules */,
			);
			path = MultilanguageSwiftExample;
			sourceTree = "<group>";
		};
		0AAF38EC2780B94E00F7C285 /* Application */ = {
			isa = PBXGroup;
			children = (
				0AAF38D82780B93500F7C285 /* AppDelegate.swift */,
				0AAF38E62780B93600F7C285 /* Info.plist */,
			);
			path = Application;
			sourceTree = "<group>";
		};
		0AAF38ED2780B96800F7C285 /* Resources */ = {
			isa = PBXGroup;
			children = (
				0AAF38FC2780BB5200F7C285 /* Localization */,
				0AAF38E12780B93600F7C285 /* Assets.xcassets */,
				0AAF38E32780B93600F7C285 /* LaunchScreen.storyboard */,
			);
			path = Resources;
			sourceTree = "<group>";
		};
		0AAF38EE2780B97C00F7C285 /* Modules */ = {
			isa = PBXGroup;
			children = (
				0AAF38EF2780B9D200F7C285 /* Main */,
			);
			path = Modules;
			sourceTree = "<group>";
		};
		0AAF38EF2780B9D200F7C285 /* Main */ = {
			isa = PBXGroup;
			children = (
				0AAF38DE2780B93500F7C285 /* Main.storyboard */,
				0AAF38F12780B9E500F7C285 /* MainModuleBuilder.swift */,
				0AAF38F02780B9E500F7C285 /* MainVC.swift */,
			);
			path = Main;
			sourceTree = "<group>";
		};
		0AAF38F42780BA4700F7C285 /* Utils */ = {
			isa = PBXGroup;
			children = (
				0AAF38F52780BA5200F7C285 /* UserDefault.swift */,
			);
			path = Utils;
			sourceTree = "<group>";
		};
		0AAF38F72780BA5800F7C285 /* Managers */ = {
			isa = PBXGroup;
			children = (
				0AAF38FA2780BA6800F7C285 /* DependencyManager.swift */,
				0AAF38F82780BA6300F7C285 /* UserDefaultsManager.swift */,
			);
			path = Managers;
			sourceTree = "<group>";
		};
		0AAF38FC2780BB5200F7C285 /* Localization */ = {
			isa = PBXGroup;
			children = (
				0AAF39022780BBA600F7C285 /* Localizable.strings */,
			);
			path = Localization;
			sourceTree = "<group>";
		};
		0AAF39042780BCE100F7C285 /* Extensions */ = {
			isa = PBXGroup;
			children = (
				0AAF39052780BCED00F7C285 /* Localizable */,
			);
			path = Extensions;
			sourceTree = "<group>";
		};
		0AAF39052780BCED00F7C285 /* Localizable */ = {
			isa = PBXGroup;
			children = (
				0AAF39062780BCFC00F7C285 /* String+Localized.swift */,
				0AAF39082780BD0800F7C285 /* UIButton+Localized.swift */,
				0AAF390A2780BD1500F7C285 /* UILabel+Localized.swift */,
			);
			path = Localizable;
			sourceTree = "<group>";
		};
		0AAF390C2780BDC300F7C285 /* Helpers */ = {
			isa = PBXGroup;
			children = (
				0AAF390E2780BDD900F7C285 /* AnyLanguageBundle.swift */,
			);
			path = Helpers;
			sourceTree = "<group>";
		};
/* End PBXGroup section */

/* Begin PBXNativeTarget section */
		0AAF38D42780B93500F7C285 /* MultilanguageSwiftExample */ = {
			isa = PBXNativeTarget;
			buildConfigurationList = 0AAF38E92780B93600F7C285 /* Build configuration list for PBXNativeTarget "MultilanguageSwiftExample" */;
			buildPhases = (
				0AAF38D12780B93500F7C285 /* Sources */,
				0AAF38D22780B93500F7C285 /* Frameworks */,
				0AAF38D32780B93500F7C285 /* Resources */,
			);
			buildRules = (
			);
			dependencies = (
			);
			name = MultilanguageSwiftExample;
			productName = MultilanguageSwiftExample;
			productReference = 0AAF38D52780B93500F7C285 /* MultilanguageSwiftExample.app */;
			productType = "com.apple.product-type.application";
		};
/* End PBXNativeTarget section */

/* Begin PBXProject section */
		0AAF38CD2780B93500F7C285 /* Project object */ = {
			isa = PBXProject;
			attributes = {
				BuildIndependentTargetsInParallel = 1;
				LastSwiftUpdateCheck = 1320;
				LastUpgradeCheck = 1320;
				TargetAttributes = {
					0AAF38D42780B93500F7C285 = {
						CreatedOnToolsVersion = 13.2.1;
					};
				};
			};
			buildConfigurationList = 0AAF38D02780B93500F7C285 /* Build configuration list for PBXProject "MultilanguageSwiftExample" */;
			compatibilityVersion = "Xcode 13.0";
			developmentRegion = en;
			hasScannedForEncodings = 0;
			knownRegions = (
				en,
				Base,
				ru,
			);
			mainGroup = 0AAF38CC2780B93500F7C285;
			productRefGroup = 0AAF38D62780B93500F7C285 /* Products */;
			projectDirPath = "";
			projectRoot = "";
			targets = (
				0AAF38D42780B93500F7C285 /* MultilanguageSwiftExample */,
			);
		};
/* End PBXProject section */

/* Begin PBXResourcesBuildPhase section */
		0AAF38D32780B93500F7C285 /* Resources */ = {
			isa = PBXResourcesBuildPhase;
			buildActionMask = 2147483647;
			files = (
				0AAF38E52780B93600F7C285 /* LaunchScreen.storyboard in Resources */,
				0AAF39002780BBA600F7C285 /* Localizable.strings in Resources */,
				0AAF38E22780B93600F7C285 /* Assets.xcassets in Resources */,
				0AAF38E02780B93500F7C285 /* Main.storyboard in Resources */,
			);
			runOnlyForDeploymentPostprocessing = 0;
		};
/* End PBXResourcesBuildPhase section */

/* Begin PBXSourcesBuildPhase section */
		0AAF38D12780B93500F7C285 /* Sources */ = {
			isa = PBXSourcesBuildPhase;
			buildActionMask = 2147483647;
			files = (
				0AAF390B2780BD1500F7C285 /* UILabel+Localized.swift in Sources */,
				0AAF38F62780BA5200F7C285 /* UserDefault.swift in Sources */,
				0AAF38F92780BA6300F7C285 /* UserDefaultsManager.swift in Sources */,
				0AAF38D92780B93500F7C285 /* AppDelegate.swift in Sources */,
				0AAF38F32780B9E500F7C285 /* MainModuleBuilder.swift in Sources */,
				0AAF39072780BCFC00F7C285 /* String+Localized.swift in Sources */,
				0AAF38FB2780BA6800F7C285 /* DependencyManager.swift in Sources */,
				0AAF38F22780B9E500F7C285 /* MainVC.swift in Sources */,
				0AAF390F2780BDD900F7C285 /* AnyLanguageBundle.swift in Sources */,
				0AAF39092780BD0800F7C285 /* UIButton+Localized.swift in Sources */,
			);
			runOnlyForDeploymentPostprocessing = 0;
		};
/* End PBXSourcesBuildPhase section */

/* Begin PBXVariantGroup section */
		0AAF38DE2780B93500F7C285 /* Main.storyboard */ = {
			isa = PBXVariantGroup;
			children = (
				0AAF38DF2780B93500F7C285 /* Base */,
			);
			name = Main.storyboard;
			sourceTree = "<group>";
		};
		0AAF38E32780B93600F7C285 /* LaunchScreen.storyboard */ = {
			isa = PBXVariantGroup;
			children = (
				0AAF38E42780B93600F7C285 /* Base */,
				0AAF38FF2780BB9E00F7C285 /* ru */,
			);
			name = LaunchScreen.storyboard;
			sourceTree = "<group>";
		};
		0AAF39022780BBA600F7C285 /* Localizable.strings */ = {
			isa = PBXVariantGroup;
			children = (
				0AAF39012780BBA600F7C285 /* ru */,
				0AAF39032780BBAA00F7C285 /* en */,
			);
			name = Localizable.strings;
			sourceTree = "<group>";
		};
/* End PBXVariantGroup section */

/* Begin XCBuildConfiguration section */
		0AAF38E72780B93600F7C285 /* Debug */ = {
			isa = XCBuildConfiguration;
			buildSettings = {
				ALWAYS_SEARCH_USER_PATHS = NO;
				CLANG_ANALYZER_LOCALIZABILITY_NONLOCALIZED = YES;
				CLANG_ANALYZER_NONNULL = YES;
				CLANG_ANALYZER_NUMBER_OBJECT_CONVERSION = YES_AGGRESSIVE;
				CLANG_CXX_LANGUAGE_STANDARD = "gnu++17";
				CLANG_CXX_LIBRARY = "libc++";
				CLANG_ENABLE_MODULES = YES;
				CLANG_ENABLE_OBJC_ARC = YES;
				CLANG_ENABLE_OBJC_WEAK = YES;
				CLANG_WARN_BLOCK_CAPTURE_AUTORELEASING = YES;
				CLANG_WARN_BOOL_CONVERSION = YES;
				CLANG_WARN_COMMA = YES;
				CLANG_WARN_CONSTANT_CONVERSION = YES;
				CLANG_WARN_DEPRECATED_OBJC_IMPLEMENTATIONS = YES;
				CLANG_WARN_DIRECT_OBJC_ISA_USAGE = YES_ERROR;
				CLANG_WARN_DOCUMENTATION_COMMENTS = YES;
				CLANG_WARN_EMPTY_BODY = YES;
				CLANG_WARN_ENUM_CONVERSION = YES;
				CLANG_WARN_INFINITE_RECURSION = YES;
				CLANG_WARN_INT_CONVERSION = YES;
				CLANG_WARN_NON_LITERAL_NULL_CONVERSION = YES;
				CLANG_WARN_OBJC_IMPLICIT_RETAIN_SELF = YES;
				CLANG_WARN_OBJC_LITERAL_CONVERSION = YES;
				CLANG_WARN_OBJC_ROOT_CLASS = YES_ERROR;
				CLANG_WARN_QUOTED_INCLUDE_IN_FRAMEWORK_HEADER = YES;
				CLANG_WARN_RANGE_LOOP_ANALYSIS = YES;
				CLANG_WARN_STRICT_PROTOTYPES = YES;
				CLANG_WARN_SUSPICIOUS_MOVE = YES;
				CLANG_WARN_UNGUARDED_AVAILABILITY = YES_AGGRESSIVE;
				CLANG_WARN_UNREACHABLE_CODE = YES;
				CLANG_WARN__DUPLICATE_METHOD_MATCH = YES;
				COPY_PHASE_STRIP = NO;
				DEBUG_INFORMATION_FORMAT = dwarf;
				ENABLE_STRICT_OBJC_MSGSEND = YES;
				ENABLE_TESTABILITY = YES;
				GCC_C_LANGUAGE_STANDARD = gnu11;
				GCC_DYNAMIC_NO_PIC = NO;
				GCC_NO_COMMON_BLOCKS = YES;
				GCC_OPTIMIZATION_LEVEL = 0;
				GCC_PREPROCESSOR_DEFINITIONS = (
					"DEBUG=1",
					"$(inherited)",
				);
				GCC_WARN_64_TO_32_BIT_CONVERSION = YES;
				GCC_WARN_ABOUT_RETURN_TYPE = YES_ERROR;
				GCC_WARN_UNDECLARED_SELECTOR = YES;
				GCC_WARN_UNINITIALIZED_AUTOS = YES_AGGRESSIVE;
				GCC_WARN_UNUSED_FUNCTION = YES;
				GCC_WARN_UNUSED_VARIABLE = YES;
				IPHONEOS_DEPLOYMENT_TARGET = 15.2;
				MTL_ENABLE_DEBUG_INFO = INCLUDE_SOURCE;
				MTL_FAST_MATH = YES;
				ONLY_ACTIVE_ARCH = YES;
				SDKROOT = iphoneos;
				SWIFT_ACTIVE_COMPILATION_CONDITIONS = DEBUG;
				SWIFT_OPTIMIZATION_LEVEL = "-Onone";
			};
			name = Debug;
		};
		0AAF38E82780B93600F7C285 /* Release */ = {
			isa = XCBuildConfiguration;
			buildSettings = {
				ALWAYS_SEARCH_USER_PATHS = NO;
				CLANG_ANALYZER_LOCALIZABILITY_NONLOCALIZED = YES;
				CLANG_ANALYZER_NONNULL = YES;
				CLANG_ANALYZER_NUMBER_OBJECT_CONVERSION = YES_AGGRESSIVE;
				CLANG_CXX_LANGUAGE_STANDARD = "gnu++17";
				CLANG_CXX_LIBRARY = "libc++";
				CLANG_ENABLE_MODULES = YES;
				CLANG_ENABLE_OBJC_ARC = YES;
				CLANG_ENABLE_OBJC_WEAK = YES;
				CLANG_WARN_BLOCK_CAPTURE_AUTORELEASING = YES;
				CLANG_WARN_BOOL_CONVERSION = YES;
				CLANG_WARN_COMMA = YES;
				CLANG_WARN_CONSTANT_CONVERSION = YES;
				CLANG_WARN_DEPRECATED_OBJC_IMPLEMENTATIONS = YES;
				CLANG_WARN_DIRECT_OBJC_ISA_USAGE = YES_ERROR;
				CLANG_WARN_DOCUMENTATION_COMMENTS = YES;
				CLANG_WARN_EMPTY_BODY = YES;
				CLANG_WARN_ENUM_CONVERSION = YES;
				CLANG_WARN_INFINITE_RECURSION = YES;
				CLANG_WARN_INT_CONVERSION = YES;
				CLANG_WARN_NON_LITERAL_NULL_CONVERSION = YES;
				CLANG_WARN_OBJC_IMPLICIT_RETAIN_SELF = YES;
				CLANG_WARN_OBJC_LITERAL_CONVERSION = YES;
				CLANG_WARN_OBJC_ROOT_CLASS = YES_ERROR;
				CLANG_WARN_QUOTED_INCLUDE_IN_FRAMEWORK_HEADER = YES;
				CLANG_WARN_RANGE_LOOP_ANALYSIS = YES;
				CLANG_WARN_STRICT_PROTOTYPES = YES;
				CLANG_WARN_SUSPICIOUS_MOVE = YES;
				CLANG_WARN_UNGUARDED_AVAILABILITY = YES_AGGRESSIVE;
				CLANG_WARN_UNREACHABLE_CODE = YES;
				CLANG_WARN__DUPLICATE_METHOD_MATCH = YES;
				COPY_PHASE_STRIP = NO;
				DEBUG_INFORMATION_FORMAT = "dwarf-with-dsym";
				ENABLE_NS_ASSERTIONS = NO;
				ENABLE_STRICT_OBJC_MSGSEND = YES;
				GCC_C_LANGUAGE_STANDARD = gnu11;
				GCC_NO_COMMON_BLOCKS = YES;
				GCC_WARN_64_TO_32_BIT_CONVERSION = YES;
				GCC_WARN_ABOUT_RETURN_TYPE = YES_ERROR;
				GCC_WARN_UNDECLARED_SELECTOR = YES;
				GCC_WARN_UNINITIALIZED_AUTOS = YES_AGGRESSIVE;
				GCC_WARN_UNUSED_FUNCTION = YES;
				GCC_WARN_UNUSED_VARIABLE = YES;
				IPHONEOS_DEPLOYMENT_TARGET = 15.2;
				MTL_ENABLE_DEBUG_INFO = NO;
				MTL_FAST_MATH = YES;
				SDKROOT = iphoneos;
				SWIFT_COMPILATION_MODE = wholemodule;
				SWIFT_OPTIMIZATION_LEVEL = "-O";
				VALIDATE_PRODUCT = YES;
			};
			name = Release;
		};
		0AAF38EA2780B93600F7C285 /* Debug */ = {
			isa = XCBuildConfiguration;
			buildSettings = {
				ASSETCATALOG_COMPILER_APPICON_NAME = AppIcon;
				ASSETCATALOG_COMPILER_GLOBAL_ACCENT_COLOR_NAME = AccentColor;
				CODE_SIGN_STYLE = Automatic;
				CURRENT_PROJECT_VERSION = 1;
				DEVELOPMENT_TEAM = 62LVWRRHM6;
				GENERATE_INFOPLIST_FILE = YES;
				INFOPLIST_FILE = MultilanguageSwiftExample/Application/Info.plist;
				INFOPLIST_KEY_UIApplicationSupportsIndirectInputEvents = YES;
				INFOPLIST_KEY_UILaunchStoryboardName = LaunchScreen;
				INFOPLIST_KEY_UIMainStoryboardFile = Main;
				INFOPLIST_KEY_UISupportedInterfaceOrientations_iPad = "UIInterfaceOrientationPortrait UIInterfaceOrientationPortraitUpsideDown UIInterfaceOrientationLandscapeLeft UIInterfaceOrientationLandscapeRight";
				INFOPLIST_KEY_UISupportedInterfaceOrientations_iPhone = "UIInterfaceOrientationPortrait UIInterfaceOrientationLandscapeLeft UIInterfaceOrientationLandscapeRight";
				LD_RUNPATH_SEARCH_PATHS = (
					"$(inherited)",
					"@executable_path/Frameworks",
				);
				MARKETING_VERSION = 1.0;
				PRODUCT_BUNDLE_IDENTIFIER = com.dmitryonishchuk..MultilanguageSwiftExample;
				PRODUCT_NAME = "$(TARGET_NAME)";
				SWIFT_EMIT_LOC_STRINGS = YES;
				SWIFT_VERSION = 5.0;
				TARGETED_DEVICE_FAMILY = "1,2";
			};
			name = Debug;
		};
		0AAF38EB2780B93600F7C285 /* Release */ = {
			isa = XCBuildConfiguration;
			buildSettings = {
				ASSETCATALOG_COMPILER_APPICON_NAME = AppIcon;
				ASSETCATALOG_COMPILER_GLOBAL_ACCENT_COLOR_NAME = AccentColor;
				CODE_SIGN_STYLE = Automatic;
				CURRENT_PROJECT_VERSION = 1;
				DEVELOPMENT_TEAM = 62LVWRRHM6;
				GENERATE_INFOPLIST_FILE = YES;
				INFOPLIST_FILE = MultilanguageSwiftExample/Application/Info.plist;
				INFOPLIST_KEY_UIApplicationSupportsIndirectInputEvents = YES;
				INFOPLIST_KEY_UILaunchStoryboardName = LaunchScreen;
				INFOPLIST_KEY_UIMainStoryboardFile = Main;
				INFOPLIST_KEY_UISupportedInterfaceOrientations_iPad = "UIInterfaceOrientationPortrait UIInterfaceOrientationPortraitUpsideDown UIInterfaceOrientationLandscapeLeft UIInterfaceOrientationLandscapeRight";
				INFOPLIST_KEY_UISupportedInterfaceOrientations_iPhone = "UIInterfaceOrientationPortrait UIInterfaceOrientationLandscapeLeft UIInterfaceOrientationLandscapeRight";
				LD_RUNPATH_SEARCH_PATHS = (
					"$(inherited)",
					"@executable_path/Frameworks",
				);
				MARKETING_VERSION = 1.0;
				PRODUCT_BUNDLE_IDENTIFIER = com.dmitryonishchuk..MultilanguageSwiftExample;
				PRODUCT_NAME = "$(TARGET_NAME)";
				SWIFT_EMIT_LOC_STRINGS = YES;
				SWIFT_VERSION = 5.0;
				TARGETED_DEVICE_FAMILY = "1,2";
			};
			name = Release;
		};
/* End XCBuildConfiguration section */

/* Begin XCConfigurationList section */
		0AAF38D02780B93500F7C285 /* Build configuration list for PBXProject "MultilanguageSwiftExample" */ = {
			isa = XCConfigurationList;
			buildConfigurations = (
				0AAF38E72780B93600F7C285 /* Debug */,
				0AAF38E82780B93600F7C285 /* Release */,
			);
			defaultConfigurationIsVisible = 0;
			defaultConfigurationName = Release;
		};
		0AAF38E92780B93600F7C285 /* Build configuration list for PBXNativeTarget "MultilanguageSwiftExample" */ = {
			isa = XCConfigurationList;
			buildConfigurations = (
				0AAF38EA2780B93600F7C285 /* Debug */,
				0AAF38EB2780B93600F7C285 /* Release */,
			);
			defaultConfigurationIsVisible = 0;
			defaultConfigurationName = Release;
		};
/* End XCConfigurationList section */
	};
	rootObject = 0AAF38CD2780B93500F7C285 /* Project object */;
}
